
Microsoft Visual Studio Solution File, Format Version 12.00
# Visual Studio Version 17
VisualStudioVersion = 17.9.34728.123
MinimumVisualStudioVersion = 10.0.40219.1
Project("{2150E333-8FDC-42A3-9474-1A3956D46DE8}") = "Core", "Core", "{9A70A617-90D9-4369-A801-AFA3A9EF56E4}"
EndProject
Project("{2150E333-8FDC-42A3-9474-1A3956D46DE8}") = "Insfrastructure", "Insfrastructure", "{5CE4EE99-6A52-4C88-9F82-4D6D05CC969E}"
EndProject
Project("{2150E333-8FDC-42A3-9474-1A3956D46DE8}") = "Presentation", "Presentation", "{4F4CD047-C7CF-443B-A05B-E76E04589B4F}"
EndProject
Project("{9A19103F-16F7-4668-BE54-9A1E7A4F7556}") = "Op.Prueba.Application", "Op.Prueba.Application\Op.Prueba.Application.csproj", "{5A93CF9D-6C96-43D9-BAF4-438047C2EC69}"
EndProject
Project("{9A19103F-16F7-4668-BE54-9A1E7A4F7556}") = "Op.Prueba.Domain", "Op.Prueba.Domain\Op.Prueba.Domain.csproj", "{7543C52B-5A65-4374-A2AD-BB4F726B6B67}"
EndProject
Project("{9A19103F-16F7-4668-BE54-9A1E7A4F7556}") = "Op.Prueba.Persistence", "Op.Prueba.Persistence\Op.Prueba.Persistence.csproj", "{EDEDFD83-A8F8-4FDF-BAC4-233AE8D0815C}"
EndProject
Project("{9A19103F-16F7-4668-BE54-9A1E7A4F7556}") = "Op.Prueba.WebApi", "Op.Prueba.WebApi\Op.Prueba.WebApi.csproj", "{AAF4DEA2-0BA3-48FE-BC79-F7E110F3FB84}"
EndProject
Project("{2150E333-8FDC-42A3-9474-1A3956D46DE8}") = "Tests", "Tests", "{CC5D49F7-F706-4E4E-9E6E-D5EA92B9530D}"
EndProject
Project("{2150E333-8FDC-42A3-9474-1A3956D46DE8}") = "Shared", "Shared", "{5B90060D-8ADA-42E4-8828-9677227A98F9}"
EndProject
Project("{9A19103F-16F7-4668-BE54-9A1E7A4F7556}") = "Op.Prueba.Common", "Op.Prueba.Common\Op.Prueba.Common.csproj", "{CFCE7AC9-A469-44AD-A802-AFBC9B2F8E0B}"
EndProject
Project("{FAE04EC0-301F-11D3-BF4B-00C04F79EFBC}") = "Op.Prueba.Common.Tests", "Op.Prueba.Common.Tests\Op.Prueba.Common.Tests.csproj", "{056AC238-D4A5-4697-B8A8-22239FEF6B68}"
EndProject
Project("{2150E333-8FDC-42A3-9474-1A3956D46DE8}") = "Tests", "Tests", "{02EA681E-C7D8-13C7-8484-4AC65E1B71E8}"
EndProject
Project("{2150E333-8FDC-42A3-9474-1A3956D46DE8}") = "Tests", "Tests", "{A56C45C2-9374-4589-9DF0-C4058B01E894}"
EndProject
Project("{FAE04EC0-301F-11D3-BF4B-00C04F79EFBC}") = "Op.Prueba.Application.Tests", "Op.Prueba.Application.Tests\Op.Prueba.Application.Tests.csproj", "{2A005635-E818-41FA-9D18-832967789923}"
EndProject
Project("{FAE04EC0-301F-11D3-BF4B-00C04F79EFBC}") = "Op.Prueba.Persistence.Tests", "Op.Prueba.Persistence.Tests\Op.Prueba.Persistence.Tests.csproj", "{8733C62F-D8B9-4408-AC69-18829E7D516B}"
EndProject
Project("{2150E333-8FDC-42A3-9474-1A3956D46DE8}") = "Tests", "Tests", "{06544999-AAE6-4B52-AFFA-32FDA81F5563}"
EndProject
Project("{FAE04EC0-301F-11D3-BF4B-00C04F79EFBC}") = "Op.Prueba.WebApi.Tests", "Op.Prueba.WebApi.Tests\Op.Prueba.WebApi.Tests.csproj", "{3BCBA27D-5CA0-4A38-A259-92D3461F4236}"
EndProject
Global
	GlobalSection(SolutionConfigurationPlatforms) = preSolution
		Debug|Any CPU = Debug|Any CPU
		Release|Any CPU = Release|Any CPU
	EndGlobalSection
	GlobalSection(ProjectConfigurationPlatforms) = postSolution
		{5A93CF9D-6C96-43D9-BAF4-438047C2EC69}.Debug|Any CPU.ActiveCfg = Debug|Any CPU
		{5A93CF9D-6C96-43D9-BAF4-438047C2EC69}.Debug|Any CPU.Build.0 = Debug|Any CPU
		{5A93CF9D-6C96-43D9-BAF4-438047C2EC69}.Release|Any CPU.ActiveCfg = Release|Any CPU
		{5A93CF9D-6C96-43D9-BAF4-438047C2EC69}.Release|Any CPU.Build.0 = Release|Any CPU
		{7543C52B-5A65-4374-A2AD-BB4F726B6B67}.Debug|Any CPU.ActiveCfg = Debug|Any CPU
		{7543C52B-5A65-4374-A2AD-BB4F726B6B67}.Debug|Any CPU.Build.0 = Debug|Any CPU
		{7543C52B-5A65-4374-A2AD-BB4F726B6B67}.Release|Any CPU.ActiveCfg = Release|Any CPU
		{7543C52B-5A65-4374-A2AD-BB4F726B6B67}.Release|Any CPU.Build.0 = Release|Any CPU
		{EDEDFD83-A8F8-4FDF-BAC4-233AE8D0815C}.Debug|Any CPU.ActiveCfg = Debug|Any CPU
		{EDEDFD83-A8F8-4FDF-BAC4-233AE8D0815C}.Debug|Any CPU.Build.0 = Debug|Any CPU
		{EDEDFD83-A8F8-4FDF-BAC4-233AE8D0815C}.Release|Any CPU.ActiveCfg = Release|Any CPU
		{EDEDFD83-A8F8-4FDF-BAC4-233AE8D0815C}.Release|Any CPU.Build.0 = Release|Any CPU
		{AAF4DEA2-0BA3-48FE-BC79-F7E110F3FB84}.Debug|Any CPU.ActiveCfg = Debug|Any CPU
		{AAF4DEA2-0BA3-48FE-BC79-F7E110F3FB84}.Debug|Any CPU.Build.0 = Debug|Any CPU
		{AAF4DEA2-0BA3-48FE-BC79-F7E110F3FB84}.Release|Any CPU.ActiveCfg = Release|Any CPU
		{AAF4DEA2-0BA3-48FE-BC79-F7E110F3FB84}.Release|Any CPU.Build.0 = Release|Any CPU
		{CFCE7AC9-A469-44AD-A802-AFBC9B2F8E0B}.Debug|Any CPU.ActiveCfg = Debug|Any CPU
		{CFCE7AC9-A469-44AD-A802-AFBC9B2F8E0B}.Debug|Any CPU.Build.0 = Debug|Any CPU
		{CFCE7AC9-A469-44AD-A802-AFBC9B2F8E0B}.Release|Any CPU.ActiveCfg = Release|Any CPU
		{CFCE7AC9-A469-44AD-A802-AFBC9B2F8E0B}.Release|Any CPU.Build.0 = Release|Any CPU
		{056AC238-D4A5-4697-B8A8-22239FEF6B68}.Debug|Any CPU.ActiveCfg = Debug|Any CPU
		{056AC238-D4A5-4697-B8A8-22239FEF6B68}.Debug|Any CPU.Build.0 = Debug|Any CPU
		{056AC238-D4A5-4697-B8A8-22239FEF6B68}.Release|Any CPU.ActiveCfg = Release|Any CPU
		{056AC238-D4A5-4697-B8A8-22239FEF6B68}.Release|Any CPU.Build.0 = Release|Any CPU
		{2A005635-E818-41FA-9D18-832967789923}.Debug|Any CPU.ActiveCfg = Debug|Any CPU
		{2A005635-E818-41FA-9D18-832967789923}.Debug|Any CPU.Build.0 = Debug|Any CPU
		{2A005635-E818-41FA-9D18-832967789923}.Release|Any CPU.ActiveCfg = Release|Any CPU
		{2A005635-E818-41FA-9D18-832967789923}.Release|Any CPU.Build.0 = Release|Any CPU
		{8733C62F-D8B9-4408-AC69-18829E7D516B}.Debug|Any CPU.ActiveCfg = Debug|Any CPU
		{8733C62F-D8B9-4408-AC69-18829E7D516B}.Debug|Any CPU.Build.0 = Debug|Any CPU
		{8733C62F-D8B9-4408-AC69-18829E7D516B}.Release|Any CPU.ActiveCfg = Release|Any CPU
		{8733C62F-D8B9-4408-AC69-18829E7D516B}.Release|Any CPU.Build.0 = Release|Any CPU
		{3BCBA27D-5CA0-4A38-A259-92D3461F4236}.Debug|Any CPU.ActiveCfg = Debug|Any CPU
		{3BCBA27D-5CA0-4A38-A259-92D3461F4236}.Debug|Any CPU.Build.0 = Debug|Any CPU
		{3BCBA27D-5CA0-4A38-A259-92D3461F4236}.Release|Any CPU.ActiveCfg = Release|Any CPU
		{3BCBA27D-5CA0-4A38-A259-92D3461F4236}.Release|Any CPU.Build.0 = Release|Any CPU
	EndGlobalSection
	GlobalSection(SolutionProperties) = preSolution
		HideSolutionNode = FALSE
	EndGlobalSection
	GlobalSection(NestedProjects) = preSolution
		{5A93CF9D-6C96-43D9-BAF4-438047C2EC69} = {9A70A617-90D9-4369-A801-AFA3A9EF56E4}
		{7543C52B-5A65-4374-A2AD-BB4F726B6B67} = {9A70A617-90D9-4369-A801-AFA3A9EF56E4}
		{EDEDFD83-A8F8-4FDF-BAC4-233AE8D0815C} = {5CE4EE99-6A52-4C88-9F82-4D6D05CC969E}
		{AAF4DEA2-0BA3-48FE-BC79-F7E110F3FB84} = {4F4CD047-C7CF-443B-A05B-E76E04589B4F}
		{CC5D49F7-F706-4E4E-9E6E-D5EA92B9530D} = {5B90060D-8ADA-42E4-8828-9677227A98F9}
		{CFCE7AC9-A469-44AD-A802-AFBC9B2F8E0B} = {5B90060D-8ADA-42E4-8828-9677227A98F9}
		{056AC238-D4A5-4697-B8A8-22239FEF6B68} = {CC5D49F7-F706-4E4E-9E6E-D5EA92B9530D}
		{02EA681E-C7D8-13C7-8484-4AC65E1B71E8} = {5CE4EE99-6A52-4C88-9F82-4D6D05CC969E}
		{A56C45C2-9374-4589-9DF0-C4058B01E894} = {9A70A617-90D9-4369-A801-AFA3A9EF56E4}
		{2A005635-E818-41FA-9D18-832967789923} = {A56C45C2-9374-4589-9DF0-C4058B01E894}
		{8733C62F-D8B9-4408-AC69-18829E7D516B} = {02EA681E-C7D8-13C7-8484-4AC65E1B71E8}
		{06544999-AAE6-4B52-AFFA-32FDA81F5563} = {4F4CD047-C7CF-443B-A05B-E76E04589B4F}
		{3BCBA27D-5CA0-4A38-A259-92D3461F4236} = {06544999-AAE6-4B52-AFFA-32FDA81F5563}
	EndGlobalSection
	GlobalSection(ExtensibilityGlobals) = postSolution
		SolutionGuid = {C118F89E-B632-45C1-A914-A007A3BD50BC}
	EndGlobalSection
EndGlobal
